<?xml version="1.0" encoding="utf-8"?>
<Project ToolsVersion="4.0" xmlns="http://schemas.microsoft.com/developer/msbuild/2003">
  <ItemGroup>
    <ClCompile Include="GameEngineWindow.cpp" />
    <ClCompile Include="GameEngineInput.cpp" />
    <ClCompile Include="GameEngineTexture.cpp" />
  </ItemGroup>
  <ItemGroup>
    <ClInclude Include="GameEngineWindow.h" />
    <ClInclude Include="GameEngineInput.h" />
    <ClInclude Include="GameEngineTexture.h" />
  </ItemGroup>
</Project>