<?xml version="1.0" encoding="utf-8"?>
<Project ToolsVersion="4.0" xmlns="http://schemas.microsoft.com/developer/msbuild/2003">
  <ItemGroup>
    <ClCompile Include="EndingLevel.cpp">
      <Filter>Level</Filter>
    </ClCompile>
    <ClCompile Include="MonsterLevel.cpp">
      <Filter>Level</Filter>
    </ClCompile>
    <ClCompile Include="TitleLevel.cpp">
      <Filter>Level</Filter>
    </ClCompile>
    <ClCompile Include="CoreProcess.cpp">
      <Filter>Process</Filter>
    </ClCompile>
    <ClCompile Include="Bomb.cpp">
      <Filter>Actor</Filter>
    </ClCompile>
    <ClCompile Include="Water.cpp">
      <Filter>Actor</Filter>
    </ClCompile>
    <ClCompile Include="BackGround.cpp">
      <Filter>Actor</Filter>
    </ClCompile>
    <ClCompile Include="Monster.cpp">
      <Filter>Actor</Filter>
    </ClCompile>
    <ClCompile Include="Monster_State.cpp">
      <Filter>Actor</Filter>
    </ClCompile>
    <ClCompile Include="Player.cpp">
      <Filter>Actor</Filter>
    </ClCompile>
    <ClCompile Include="Player_State.cpp">
      <Filter>Actor</Filter>
    </ClCompile>
    <ClCompile Include="Tile.cpp">
      <Filter>Actor</Filter>
    </ClCompile>
    <ClCompile Include="Global.cpp">
      <Filter>Header</Filter>
    </ClCompile>
    <ClCompile Include="Item.cpp">
      <Filter>Actor</Filter>
    </ClCompile>
    <ClCompile Include="UI.cpp">
      <Filter>Actor\UI</Filter>
    </ClCompile>
    <ClCompile Include="Block.cpp">
      <Filter>Actor\Block</Filter>
    </ClCompile>
    <ClCompile Include="Object.cpp">
      <Filter>Actor\Block</Filter>
    </ClCompile>
    <ClCompile Include="Button.cpp">
      <Filter>Actor\UI</Filter>
    </ClCompile>
    <ClCompile Include="Cursor.cpp">
      <Filter>Actor\UI</Filter>
    </ClCompile>
    <ClCompile Include="Curtain.cpp">
      <Filter>Actor\UI</Filter>
    </ClCompile>
    <ClCompile Include="GameStart.cpp">
      <Filter>Actor\UI</Filter>
    </ClCompile>
    <ClCompile Include="GameResult.cpp">
      <Filter>Actor\UI</Filter>
    </ClCompile>
    <ClCompile Include="TitleLevel_Update.cpp">
      <Filter>Level</Filter>
    </ClCompile>
    <ClCompile Include="Button_Update.cpp">
      <Filter>Actor\UI</Filter>
    </ClCompile>
    <ClCompile Include="MonsterLevel_Update.cpp">
      <Filter>Level</Filter>
    </ClCompile>
    <ClCompile Include="Player_Collision.cpp">
      <Filter>Actor</Filter>
    </ClCompile>
    <ClCompile Include="Water_Collision.cpp">
      <Filter>Actor</Filter>
    </ClCompile>
    <ClCompile Include="Object_Collision.cpp">
      <Filter>Actor\Block</Filter>
    </ClCompile>
    <ClCompile Include="Monster_Collision.cpp">
      <Filter>Actor</Filter>
    </ClCompile>
    <ClCompile Include="MonsterLevel_State.cpp">
      <Filter>Level</Filter>
    </ClCompile>
  </ItemGroup>
  <ItemGroup>
    <ClInclude Include="EndingLevel.h">
      <Filter>Level</Filter>
    </ClInclude>
    <ClInclude Include="MonsterLevel.h">
      <Filter>Level</Filter>
    </ClInclude>
    <ClInclude Include="TitleLevel.h">
      <Filter>Level</Filter>
    </ClInclude>
    <ClInclude Include="CoreProcess.h">
      <Filter>Process</Filter>
    </ClInclude>
    <ClInclude Include="Global.h">
      <Filter>Header</Filter>
    </ClInclude>
    <ClInclude Include="Bomb.h">
      <Filter>Actor</Filter>
    </ClInclude>
    <ClInclude Include="Water.h">
      <Filter>Actor</Filter>
    </ClInclude>
    <ClInclude Include="BackGround.h">
      <Filter>Actor</Filter>
    </ClInclude>
    <ClInclude Include="Monster.h">
      <Filter>Actor</Filter>
    </ClInclude>
    <ClInclude Include="Player.h">
      <Filter>Actor</Filter>
    </ClInclude>
    <ClInclude Include="Tile.h">
      <Filter>Actor</Filter>
    </ClInclude>
    <ClInclude Include="Item.h">
      <Filter>Actor</Filter>
    </ClInclude>
    <ClInclude Include="UI.h">
      <Filter>Actor\UI</Filter>
    </ClInclude>
    <ClInclude Include="Block.h">
      <Filter>Actor\Block</Filter>
    </ClInclude>
    <ClInclude Include="Object.h">
      <Filter>Actor\Block</Filter>
    </ClInclude>
    <ClInclude Include="Button.h">
      <Filter>Actor\UI</Filter>
    </ClInclude>
    <ClInclude Include="Cursor.h">
      <Filter>Actor\UI</Filter>
    </ClInclude>
    <ClInclude Include="Curtain.h">
      <Filter>Actor\UI</Filter>
    </ClInclude>
    <ClInclude Include="GameStart.h">
      <Filter>Actor\UI</Filter>
    </ClInclude>
    <ClInclude Include="GameResult.h">
      <Filter>Actor\UI</Filter>
    </ClInclude>
  </ItemGroup>
  <ItemGroup>
    <Filter Include="Level">
      <UniqueIdentifier>{4a91162f-e129-4638-b9aa-38ad95a5c399}</UniqueIdentifier>
    </Filter>
    <Filter Include="Process">
      <UniqueIdentifier>{578c0263-81bb-4a96-bdc3-d2d41609b1e3}</UniqueIdentifier>
    </Filter>
    <Filter Include="Header">
      <UniqueIdentifier>{956755b3-dae5-484e-a94b-af13395f385a}</UniqueIdentifier>
    </Filter>
    <Filter Include="Actor">
      <UniqueIdentifier>{b6f06e62-162d-403a-b6ee-4803ccd3135e}</UniqueIdentifier>
    </Filter>
    <Filter Include="Actor\UI">
      <UniqueIdentifier>{3fafc6ff-5db7-483c-86b9-c51dad7ec302}</UniqueIdentifier>
    </Filter>
    <Filter Include="Actor\Block">
      <UniqueIdentifier>{f1bc405a-a3cc-4db8-98a9-880e809b703f}</UniqueIdentifier>
    </Filter>
  </ItemGroup>
</Project>